
Microsoft Visual Studio Solution File, Format Version 12.00
# Visual Studio Version 17
VisualStudioVersion = 17.9.34622.214
MinimumVisualStudioVersion = 10.0.40219.1
Project("{9A19103F-16F7-4668-BE54-9A1E7A4F7556}") = "CsImgProcPractice", "CsImgProcPractice\CsImgProcPractice.csproj", "{C8CBC9C6-3C30-412B-AABD-0BCF75E950FA}"
EndProject
Project("{9A19103F-16F7-4668-BE54-9A1E7A4F7556}") = "BaseModule", "BaseModule\BaseModule.csproj", "{1F168DBB-3759-4666-9A2F-0518443CB44C}"
EndProject
Project("{FAE04EC0-301F-11D3-BF4B-00C04F79EFBC}") = "MyCvModule", "MyCvModule\MyCvModule.csproj", "{7FF4DE58-506D-49BC-8350-438EF3421BE8}"
EndProject
Project("{FAE04EC0-301F-11D3-BF4B-00C04F79EFBC}") = "EmguCvModule", "EmguCvModule\EmguCvModule.csproj", "{9854E8C8-AE63-4635-A88B-4B150C6C2F39}"
EndProject
Global
	GlobalSection(SolutionConfigurationPlatforms) = preSolution
		Debug|Any CPU = Debug|Any CPU
		Release|Any CPU = Release|Any CPU
	EndGlobalSection
	GlobalSection(ProjectConfigurationPlatforms) = postSolution
		{C8CBC9C6-3C30-412B-AABD-0BCF75E950FA}.Debug|Any CPU.ActiveCfg = Debug|Any CPU
		{C8CBC9C6-3C30-412B-AABD-0BCF75E950FA}.Debug|Any CPU.Build.0 = Debug|Any CPU
		{C8CBC9C6-3C30-412B-AABD-0BCF75E950FA}.Release|Any CPU.ActiveCfg = Release|Any CPU
		{C8CBC9C6-3C30-412B-AABD-0BCF75E950FA}.Release|Any CPU.Build.0 = Release|Any CPU
		{1F168DBB-3759-4666-9A2F-0518443CB44C}.Debug|Any CPU.ActiveCfg = Debug|Any CPU
		{1F168DBB-3759-4666-9A2F-0518443CB44C}.Debug|Any CPU.Build.0 = Debug|Any CPU
		{1F168DBB-3759-4666-9A2F-0518443CB44C}.Release|Any CPU.ActiveCfg = Release|Any CPU
		{1F168DBB-3759-4666-9A2F-0518443CB44C}.Release|Any CPU.Build.0 = Release|Any CPU
		{7FF4DE58-506D-49BC-8350-438EF3421BE8}.Debug|Any CPU.ActiveCfg = Debug|Any CPU
		{7FF4DE58-506D-49BC-8350-438EF3421BE8}.Debug|Any CPU.Build.0 = Debug|Any CPU
		{7FF4DE58-506D-49BC-8350-438EF3421BE8}.Release|Any CPU.ActiveCfg = Release|Any CPU
		{7FF4DE58-506D-49BC-8350-438EF3421BE8}.Release|Any CPU.Build.0 = Release|Any CPU
		{9854E8C8-AE63-4635-A88B-4B150C6C2F39}.Debug|Any CPU.ActiveCfg = Debug|Any CPU
		{9854E8C8-AE63-4635-A88B-4B150C6C2F39}.Debug|Any CPU.Build.0 = Debug|Any CPU
		{9854E8C8-AE63-4635-A88B-4B150C6C2F39}.Release|Any CPU.ActiveCfg = Release|Any CPU
		{9854E8C8-AE63-4635-A88B-4B150C6C2F39}.Release|Any CPU.Build.0 = Release|Any CPU
	EndGlobalSection
	GlobalSection(SolutionProperties) = preSolution
		HideSolutionNode = FALSE
	EndGlobalSection
	GlobalSection(ExtensibilityGlobals) = postSolution
		SolutionGuid = {306F4DD2-43C9-41A5-BD4A-7B7B171AA1E0}
	EndGlobalSection
EndGlobal
